
Microsoft Visual Studio Solution File, Format Version 12.00
# Visual Studio Version 17
VisualStudioVersion = 17.0.31919.166
MinimumVisualStudioVersion = 10.0.40219.1
Project("{9A19103F-16F7-4668-BE54-9A1E7A4F7556}") = "GalacticSenate.Domain", "Source\GalacticSenate.Domain\GalacticSenate.Domain.csproj", "{4EE62A59-4385-49D3-8D2B-331C206969AF}"
EndProject
Project("{2150E333-8FDC-42A3-9474-1A3956D46DE8}") = "PeopleAndOrganizations", "PeopleAndOrganizations", "{7B05D1C2-80B1-433C-9DB0-11C8A362962E}"
EndProject
Project("{9A19103F-16F7-4668-BE54-9A1E7A4F7556}") = "GalacticSenate.Data", "Source\GalacticSenate.Data\GalacticSenate.Data.csproj", "{4BB42C8B-E20D-4837-A1C0-063004F56F97}"
EndProject
Project("{9A19103F-16F7-4668-BE54-9A1E7A4F7556}") = "GalacticSenate.ConsoleApp", "Source\GalacticSenate.ConsoleApp\GalacticSenate.ConsoleApp.csproj", "{C6712DDC-0677-49E7-8469-CBFBC25A092A}"
EndProject
Project("{E53339B2-1760-4266-BCC7-CA923CBCF16C}") = "docker-compose", "docker-compose.dcproj", "{7ABA526A-0D00-48D0-BFFE-FCF9775E75D5}"
EndProject
Project("{2150E333-8FDC-42A3-9474-1A3956D46DE8}") = "Authentication", "Authentication", "{ED2C6C0D-18BD-4530-9019-8591D6883C9F}"
EndProject
Project("{9A19103F-16F7-4668-BE54-9A1E7A4F7556}") = "JediOrder.Web", "Source\JediOrder.Web\JediOrder.Web.csproj", "{5E89D49B-74FB-4A86-8434-DB5A73009AD4}"
EndProject
Project("{9A19103F-16F7-4668-BE54-9A1E7A4F7556}") = "GalacticSenate.Library", "Source\GalacticSenate.Library\GalacticSenate.Library.csproj", "{9EDA9726-9458-4E58-A203-CDFAE35129BD}"
EndProject
Project("{9A19103F-16F7-4668-BE54-9A1E7A4F7556}") = "GalacticSenate.WebApi", "Source\GalacticSenate.WebApi\GalacticSenate.WebApi.csproj", "{A7876F6E-EAC4-4E60-BAF1-29475E1335AA}"
EndProject
Project("{9A19103F-16F7-4668-BE54-9A1E7A4F7556}") = "GalacticSenate.Tests", "Tests\GalacticSenate.Tests\GalacticSenate.Tests.csproj", "{69C6023A-DBF2-43F4-9401-B08A21053D5D}"
EndProject
Project("{9A19103F-16F7-4668-BE54-9A1E7A4F7556}") = "Celestial.Common", "Source\Celestial.Common\Celestial.Common.csproj", "{BF2C2912-DD73-4135-99D4-C083C280CAE3}"
EndProject
Global
	GlobalSection(SolutionConfigurationPlatforms) = preSolution
		Debug|Any CPU = Debug|Any CPU
		Release|Any CPU = Release|Any CPU
	EndGlobalSection
	GlobalSection(ProjectConfigurationPlatforms) = postSolution
		{4EE62A59-4385-49D3-8D2B-331C206969AF}.Debug|Any CPU.ActiveCfg = Debug|Any CPU
		{4EE62A59-4385-49D3-8D2B-331C206969AF}.Debug|Any CPU.Build.0 = Debug|Any CPU
		{4EE62A59-4385-49D3-8D2B-331C206969AF}.Release|Any CPU.ActiveCfg = Release|Any CPU
		{4EE62A59-4385-49D3-8D2B-331C206969AF}.Release|Any CPU.Build.0 = Release|Any CPU
		{4BB42C8B-E20D-4837-A1C0-063004F56F97}.Debug|Any CPU.ActiveCfg = Debug|Any CPU
		{4BB42C8B-E20D-4837-A1C0-063004F56F97}.Debug|Any CPU.Build.0 = Debug|Any CPU
		{4BB42C8B-E20D-4837-A1C0-063004F56F97}.Release|Any CPU.ActiveCfg = Release|Any CPU
		{4BB42C8B-E20D-4837-A1C0-063004F56F97}.Release|Any CPU.Build.0 = Release|Any CPU
		{C6712DDC-0677-49E7-8469-CBFBC25A092A}.Debug|Any CPU.ActiveCfg = Debug|Any CPU
		{C6712DDC-0677-49E7-8469-CBFBC25A092A}.Debug|Any CPU.Build.0 = Debug|Any CPU
		{C6712DDC-0677-49E7-8469-CBFBC25A092A}.Release|Any CPU.ActiveCfg = Release|Any CPU
		{C6712DDC-0677-49E7-8469-CBFBC25A092A}.Release|Any CPU.Build.0 = Release|Any CPU
		{7ABA526A-0D00-48D0-BFFE-FCF9775E75D5}.Debug|Any CPU.ActiveCfg = Debug|Any CPU
		{7ABA526A-0D00-48D0-BFFE-FCF9775E75D5}.Debug|Any CPU.Build.0 = Debug|Any CPU
		{7ABA526A-0D00-48D0-BFFE-FCF9775E75D5}.Release|Any CPU.ActiveCfg = Release|Any CPU
		{7ABA526A-0D00-48D0-BFFE-FCF9775E75D5}.Release|Any CPU.Build.0 = Release|Any CPU
		{5E89D49B-74FB-4A86-8434-DB5A73009AD4}.Debug|Any CPU.ActiveCfg = Debug|Any CPU
		{5E89D49B-74FB-4A86-8434-DB5A73009AD4}.Debug|Any CPU.Build.0 = Debug|Any CPU
		{5E89D49B-74FB-4A86-8434-DB5A73009AD4}.Release|Any CPU.ActiveCfg = Release|Any CPU
		{5E89D49B-74FB-4A86-8434-DB5A73009AD4}.Release|Any CPU.Build.0 = Release|Any CPU
		{9EDA9726-9458-4E58-A203-CDFAE35129BD}.Debug|Any CPU.ActiveCfg = Debug|Any CPU
		{9EDA9726-9458-4E58-A203-CDFAE35129BD}.Debug|Any CPU.Build.0 = Debug|Any CPU
		{9EDA9726-9458-4E58-A203-CDFAE35129BD}.Release|Any CPU.ActiveCfg = Release|Any CPU
		{9EDA9726-9458-4E58-A203-CDFAE35129BD}.Release|Any CPU.Build.0 = Release|Any CPU
		{A7876F6E-EAC4-4E60-BAF1-29475E1335AA}.Debug|Any CPU.ActiveCfg = Debug|Any CPU
		{A7876F6E-EAC4-4E60-BAF1-29475E1335AA}.Debug|Any CPU.Build.0 = Debug|Any CPU
		{A7876F6E-EAC4-4E60-BAF1-29475E1335AA}.Release|Any CPU.ActiveCfg = Release|Any CPU
		{A7876F6E-EAC4-4E60-BAF1-29475E1335AA}.Release|Any CPU.Build.0 = Release|Any CPU
		{69C6023A-DBF2-43F4-9401-B08A21053D5D}.Debug|Any CPU.ActiveCfg = Debug|Any CPU
		{69C6023A-DBF2-43F4-9401-B08A21053D5D}.Debug|Any CPU.Build.0 = Debug|Any CPU
		{69C6023A-DBF2-43F4-9401-B08A21053D5D}.Release|Any CPU.ActiveCfg = Release|Any CPU
		{69C6023A-DBF2-43F4-9401-B08A21053D5D}.Release|Any CPU.Build.0 = Release|Any CPU
		{BF2C2912-DD73-4135-99D4-C083C280CAE3}.Debug|Any CPU.ActiveCfg = Debug|Any CPU
		{BF2C2912-DD73-4135-99D4-C083C280CAE3}.Debug|Any CPU.Build.0 = Debug|Any CPU
		{BF2C2912-DD73-4135-99D4-C083C280CAE3}.Release|Any CPU.ActiveCfg = Release|Any CPU
		{BF2C2912-DD73-4135-99D4-C083C280CAE3}.Release|Any CPU.Build.0 = Release|Any CPU
	EndGlobalSection
	GlobalSection(SolutionProperties) = preSolution
		HideSolutionNode = FALSE
	EndGlobalSection
	GlobalSection(NestedProjects) = preSolution
		{4EE62A59-4385-49D3-8D2B-331C206969AF} = {7B05D1C2-80B1-433C-9DB0-11C8A362962E}
		{4BB42C8B-E20D-4837-A1C0-063004F56F97} = {7B05D1C2-80B1-433C-9DB0-11C8A362962E}
		{C6712DDC-0677-49E7-8469-CBFBC25A092A} = {7B05D1C2-80B1-433C-9DB0-11C8A362962E}
		{5E89D49B-74FB-4A86-8434-DB5A73009AD4} = {ED2C6C0D-18BD-4530-9019-8591D6883C9F}
		{9EDA9726-9458-4E58-A203-CDFAE35129BD} = {7B05D1C2-80B1-433C-9DB0-11C8A362962E}
		{A7876F6E-EAC4-4E60-BAF1-29475E1335AA} = {7B05D1C2-80B1-433C-9DB0-11C8A362962E}
		{69C6023A-DBF2-43F4-9401-B08A21053D5D} = {7B05D1C2-80B1-433C-9DB0-11C8A362962E}
	EndGlobalSection
	GlobalSection(ExtensibilityGlobals) = postSolution
		SolutionGuid = {43DD61BF-B439-4FFE-865F-832B3463C64F}
	EndGlobalSection
EndGlobal
